
Microsoft Visual Studio Solution File, Format Version 11.00
# Visual C# Express 2010
Project("{FAE04EC0-301F-11D3-BF4B-00C04F79EFBC}") = "Exercicios-menu", "Exercicios-menu\Exercicios-menu.csproj", "{5D2593BB-182E-4819-9945-4B072B96BB26}"
EndProject
Global
	GlobalSection(SolutionConfigurationPlatforms) = preSolution
		Debug|x86 = Debug|x86
		Release|x86 = Release|x86
	EndGlobalSection
	GlobalSection(ProjectConfigurationPlatforms) = postSolution
		{5D2593BB-182E-4819-9945-4B072B96BB26}.Debug|x86.ActiveCfg = Debug|x86
		{5D2593BB-182E-4819-9945-4B072B96BB26}.Debug|x86.Build.0 = Debug|x86
		{5D2593BB-182E-4819-9945-4B072B96BB26}.Release|x86.ActiveCfg = Release|x86
		{5D2593BB-182E-4819-9945-4B072B96BB26}.Release|x86.Build.0 = Release|x86
	EndGlobalSection
	GlobalSection(SolutionProperties) = preSolution
		HideSolutionNode = FALSE
	EndGlobalSection
EndGlobal
